
Microsoft Visual Studio Solution File, Format Version 12.00
# Visual Studio Version 16
VisualStudioVersion = 16.0.30717.126
MinimumVisualStudioVersion = 10.0.40219.1
Project("{9A19103F-16F7-4668-BE54-9A1E7A4F7556}") = "TechAndSolve_AlvaroHernandez", "TechAndSolve_AlvaroHernandez\TechAndSolve_AlvaroHernandez.csproj", "{6B6680C7-BE78-4424-A745-62B316BEA811}"
EndProject
Project("{FAE04EC0-301F-11D3-BF4B-00C04F79EFBC}") = "TechAndSolveTest", "UnitTestProject1\TechAndSolveTest.csproj", "{4229D7A0-5421-49B5-84A7-B0DA6CB15C0C}"
EndProject
Global
	GlobalSection(SolutionConfigurationPlatforms) = preSolution
		Debug|Any CPU = Debug|Any CPU
		Release|Any CPU = Release|Any CPU
	EndGlobalSection
	GlobalSection(ProjectConfigurationPlatforms) = postSolution
		{6B6680C7-BE78-4424-A745-62B316BEA811}.Debug|Any CPU.ActiveCfg = Debug|Any CPU
		{6B6680C7-BE78-4424-A745-62B316BEA811}.Debug|Any CPU.Build.0 = Debug|Any CPU
		{6B6680C7-BE78-4424-A745-62B316BEA811}.Release|Any CPU.ActiveCfg = Release|Any CPU
		{6B6680C7-BE78-4424-A745-62B316BEA811}.Release|Any CPU.Build.0 = Release|Any CPU
		{4229D7A0-5421-49B5-84A7-B0DA6CB15C0C}.Debug|Any CPU.ActiveCfg = Debug|Any CPU
		{4229D7A0-5421-49B5-84A7-B0DA6CB15C0C}.Debug|Any CPU.Build.0 = Debug|Any CPU
		{4229D7A0-5421-49B5-84A7-B0DA6CB15C0C}.Release|Any CPU.ActiveCfg = Release|Any CPU
		{4229D7A0-5421-49B5-84A7-B0DA6CB15C0C}.Release|Any CPU.Build.0 = Release|Any CPU
	EndGlobalSection
	GlobalSection(SolutionProperties) = preSolution
		HideSolutionNode = FALSE
	EndGlobalSection
	GlobalSection(ExtensibilityGlobals) = postSolution
		SolutionGuid = {997578D3-02CB-430D-8203-4244776926C9}
	EndGlobalSection
EndGlobal
